{
    "_readme": [
        "This file locks the dependencies of your project to a known state",
        "Read more about it at https://getcomposer.org/doc/01-basic-usage.md#installing-dependencies",
        "This file is @generated automatically"
    ],
    "content-hash": "9f0ed22c48035e8f705e4feeae0d4725",
    "packages": [
        {
            "name": "promphp/prometheus_client_php",
            "version": "v2.2.1",
            "source": {
                "type": "git",
                "url": "https://github.com/PromPHP/prometheus_client_php.git",
                "reference": "ec124c7ac1a5559b5e0b246b34595b3a8aa6599c"
            },
            "dist": {
                "type": "zip",
                "url": "https://api.github.com/repos/PromPHP/prometheus_client_php/zipball/ec124c7ac1a5559b5e0b246b34595b3a8aa6599c",
                "reference": "ec124c7ac1a5559b5e0b246b34595b3a8aa6599c",
                "shasum": ""
            },
            "require": {
                "ext-json": "*",
                "php": "^7.2|^8.0",
                "symfony/polyfill-apcu": "^1.6"
            },
            "replace": {
                "endclothing/prometheus_client_php": "*",
                "jimdo/prometheus_client_php": "*",
                "lkaemmerling/prometheus_client_php": "*"
            },
            "require-dev": {
                "guzzlehttp/guzzle": "^6.3|^7.0",
                "phpstan/extension-installer": "^1.0",
                "phpstan/phpstan": "^0.12.50",
                "phpstan/phpstan-phpunit": "^0.12.16",
                "phpstan/phpstan-strict-rules": "^0.12.5",
                "phpunit/phpunit": "^8.4|^9.4",
                "squizlabs/php_codesniffer": "^3.5"
            },
            "suggest": {
                "ext-apc": "Required if using APCu.",
                "ext-redis": "Required if using Redis.",
                "promphp/prometheus_push_gateway_php": "An easy client for using Prometheus PushGateway."
            },
            "type": "library",
            "extra": {
                "branch-alias": {
                    "dev-master": "1.0-dev"
                }
            },
            "autoload": {
                "psr-4": {
                    "Prometheus\\": "src/Prometheus/"
                }
            },
            "notification-url": "https://packagist.org/downloads/",
            "license": [
                "Apache-2.0"
            ],
            "authors": [
                {
                    "name": "Lukas Kämmerling",
                    "email": "kontakt@lukas-kaemmerling.de"
                }
            ],
            "description": "Prometheus instrumentation library for PHP applications.",
            "support": {
                "issues": "https://github.com/PromPHP/prometheus_client_php/issues",
                "source": "https://github.com/PromPHP/prometheus_client_php/tree/v2.2.1"
            },
            "time": "2020-12-01T06:05:50+00:00"
        },
        {
            "name": "symfony/polyfill-apcu",
            "version": "v1.22.0",
            "source": {
                "type": "git",
                "url": "https://github.com/symfony/polyfill-apcu.git",
                "reference": "3b3944f40987b9d3f9b9147f86c32df87d9f3505"
            },
            "dist": {
                "type": "zip",
                "url": "https://api.github.com/repos/symfony/polyfill-apcu/zipball/3b3944f40987b9d3f9b9147f86c32df87d9f3505",
                "reference": "3b3944f40987b9d3f9b9147f86c32df87d9f3505",
                "shasum": ""
            },
            "require": {
                "php": ">=7.1"
            },
            "type": "library",
            "extra": {
                "branch-alias": {
                    "dev-main": "1.22-dev"
                },
                "thanks": {
                    "name": "symfony/polyfill",
                    "url": "https://github.com/symfony/polyfill"
                }
            },
            "autoload": {
                "psr-4": {
                    "Symfony\\Polyfill\\Apcu\\": ""
                },
                "files": [
                    "bootstrap.php"
                ]
            },
            "notification-url": "https://packagist.org/downloads/",
            "license": [
                "MIT"
            ],
            "authors": [
                {
                    "name": "Nicolas Grekas",
                    "email": "p@tchwork.com"
                },
                {
                    "name": "Symfony Community",
                    "homepage": "https://symfony.com/contributors"
                }
            ],
            "description": "Symfony polyfill backporting apcu_* functions to lower PHP versions",
            "homepage": "https://symfony.com",
            "keywords": [
                "apcu",
                "compatibility",
                "polyfill",
                "portable",
                "shim"
            ],
            "support": {
                "source": "https://github.com/symfony/polyfill-apcu/tree/v1.22.0"
            },
            "funding": [
                {
                    "url": "https://symfony.com/sponsor",
                    "type": "custom"
                },
                {
                    "url": "https://github.com/fabpot",
                    "type": "github"
                },
                {
                    "url": "https://tidelift.com/funding/github/packagist/symfony/symfony",
                    "type": "tidelift"
                }
            ],
            "time": "2021-01-07T16:49:33+00:00"
        }
    ],
    "packages-dev": [],
    "aliases": [],
    "minimum-stability": "stable",
    "stability-flags": [],
    "prefer-stable": false,
    "prefer-lowest": false,
    "platform": {
        "php": ">=7.4",
        "ext-curl": "*"
    },
    "platform-dev": [],
    "plugin-api-version": "2.0.0"
}
